
Microsoft Visual Studio Solution File, Format Version 12.00
# Visual Studio Version 16
VisualStudioVersion = 16.0.30114.105
MinimumVisualStudioVersion = 10.0.40219.1
Project("{FAE04EC0-301F-11D3-BF4B-00C04F79EFBC}") = "HourGlasses", "HourGlasses.csproj", "{6784A965-3CE3-43F5-AF7F-89124EB7CEE1}"
EndProject
Global
	GlobalSection(SolutionConfigurationPlatforms) = preSolution
		Debug|Any CPU = Debug|Any CPU
		Release|Any CPU = Release|Any CPU
	EndGlobalSection
	GlobalSection(ProjectConfigurationPlatforms) = postSolution
		{6784A965-3CE3-43F5-AF7F-89124EB7CEE1}.Debug|Any CPU.ActiveCfg = Debug|Any CPU
		{6784A965-3CE3-43F5-AF7F-89124EB7CEE1}.Debug|Any CPU.Build.0 = Debug|Any CPU
		{6784A965-3CE3-43F5-AF7F-89124EB7CEE1}.Release|Any CPU.ActiveCfg = Release|Any CPU
		{6784A965-3CE3-43F5-AF7F-89124EB7CEE1}.Release|Any CPU.Build.0 = Release|Any CPU
	EndGlobalSection
	GlobalSection(SolutionProperties) = preSolution
		HideSolutionNode = FALSE
	EndGlobalSection
	GlobalSection(ExtensibilityGlobals) = postSolution
		SolutionGuid = {45152B3D-5880-467F-BB1F-A3A7F34331DF}
	EndGlobalSection
EndGlobal
